<Solution>
  <Folder Name="/src/">
    <Project Path="src/Dharmatlas.Domain/Dharmatlas.Domain.csproj" />
    <Project Path="src/Dharmatlas.Map/Dharmatlas.Map.csproj" />
    <Project Path="src/Dharmatlas.Persistence/Dharmatlas.Persistence.csproj" />
    <Project Path="src/Dharmatlas.Search/Dharmatlas.Search.csproj" />
    <Project Path="src/Dharmatlas.Timeline/Dharmatlas.Timeline.csproj" />
  </Folder>
  <Folder Name="/tests/">
    <Project Path="tests/Dharmatlas.Domain.Tests/Dharmatlas.Domain.Tests.csproj" />
  </Folder>
</Solution>
